{
  "nodes": {
    "ancient": {
      "inputs": {
        "flake-utils": "flake-utils",
        "nixpkgs": [
          "nixpkgs"
        ]
      },
      "locked": {
        "lastModified": 1688748188,
        "narHash": "sha256-s0YxWbwmPtR8W8R+1JDDHmYPxCw65q79oQs4ceL60zg=",
        "owner": "jfeser",
        "repo": "ocaml-ancient",
        "rev": "a10aff10d257ff834e0d836b6783a88f19d90020",
        "type": "github"
      },
      "original": {
        "owner": "jfeser",
        "repo": "ocaml-ancient",
        "type": "github"
      }
    },
    "bitarray": {
      "inputs": {
        "flake-utils": "flake-utils_2",
        "nixpkgs": [
          "nixpkgs"
        ]
      },
      "locked": {
        "lastModified": 1689000405,
        "narHash": "sha256-igRjTRNJEUqezW8OISw5YaQiKTbDyQFqIOlPo0mKDME=",
        "owner": "jfeser",
        "repo": "bitarray",
        "rev": "e8cf182bb67dffb6169102ae0ec421427eb534b0",
        "type": "github"
      },
      "original": {
        "owner": "jfeser",
        "repo": "bitarray",
        "type": "github"
      }
    },
    "combinat": {
      "inputs": {
        "flake-utils": "flake-utils_3",
        "nixpkgs": [
          "nixpkgs"
        ]
      },
      "locked": {
        "lastModified": 1688748965,
        "narHash": "sha256-RD11yMNtvQLVzCSp68TQUXt+wCJJBYWlVYTzWtH7cAs=",
        "owner": "jfeser",
        "repo": "combinat",
        "rev": "0bee425c8a0b4c709a8a3dec389315cf28f8147d",
        "type": "github"
      },
      "original": {
        "owner": "jfeser",
        "repo": "combinat",
        "type": "github"
      }
    },
    "flake-utils": {
      "inputs": {
        "systems": "systems"
      },
      "locked": {
        "lastModified": 1687709756,
        "narHash": "sha256-Y5wKlQSkgEK2weWdOu4J3riRd+kV/VCgHsqLNTTWQ/0=",
        "owner": "numtide",
        "repo": "flake-utils",
        "rev": "dbabf0ca0c0c4bce6ea5eaf65af5cb694d2082c7",
        "type": "github"
      },
      "original": {
        "owner": "numtide",
        "repo": "flake-utils",
        "type": "github"
      }
    },
    "flake-utils_2": {
      "locked": {
        "lastModified": 1659877975,
        "narHash": "sha256-zllb8aq3YO3h8B/U0/J1WBgAL8EX5yWf5pMj3G0NAmc=",
        "owner": "numtide",
        "repo": "flake-utils",
        "rev": "c0e246b9b83f637f4681389ecabcb2681b4f3af0",
        "type": "github"
      },
      "original": {
        "owner": "numtide",
        "repo": "flake-utils",
        "type": "github"
      }
    },
    "flake-utils_3": {
      "locked": {
        "lastModified": 1659877975,
        "narHash": "sha256-zllb8aq3YO3h8B/U0/J1WBgAL8EX5yWf5pMj3G0NAmc=",
        "owner": "numtide",
        "repo": "flake-utils",
        "rev": "c0e246b9b83f637f4681389ecabcb2681b4f3af0",
        "type": "github"
      },
      "original": {
        "owner": "numtide",
        "repo": "flake-utils",
        "type": "github"
      }
    },
    "flake-utils_4": {
      "inputs": {
        "systems": "systems_2"
      },
      "locked": {
        "lastModified": 1687709756,
        "narHash": "sha256-Y5wKlQSkgEK2weWdOu4J3riRd+kV/VCgHsqLNTTWQ/0=",
        "owner": "numtide",
        "repo": "flake-utils",
        "rev": "dbabf0ca0c0c4bce6ea5eaf65af5cb694d2082c7",
        "type": "github"
      },
      "original": {
        "owner": "numtide",
        "repo": "flake-utils",
        "type": "github"
      }
    },
    "flake-utils_5": {
      "locked": {
        "lastModified": 1659877975,
        "narHash": "sha256-zllb8aq3YO3h8B/U0/J1WBgAL8EX5yWf5pMj3G0NAmc=",
        "owner": "numtide",
        "repo": "flake-utils",
        "rev": "c0e246b9b83f637f4681389ecabcb2681b4f3af0",
        "type": "github"
      },
      "original": {
        "owner": "numtide",
        "repo": "flake-utils",
        "type": "github"
      }
    },
    "nixpkgs": {
      "locked": {
        "lastModified": 1688956120,
        "narHash": "sha256-7geHGr2aLpQvwGgaZlTLPHMVFxvFzAuB35mZYsKgLpQ=",
        "owner": "NixOS",
        "repo": "nixpkgs",
        "rev": "2169d3b0bce0daa64d05abbdf9da552a7b8c22a7",
        "type": "github"
      },
      "original": {
        "owner": "NixOS",
        "ref": "nixpkgs-unstable",
        "repo": "nixpkgs",
        "type": "github"
      }
    },
    "root": {
      "inputs": {
        "ancient": "ancient",
        "bitarray": "bitarray",
        "combinat": "combinat",
        "flake-utils": "flake-utils_4",
        "nixpkgs": "nixpkgs",
        "vp-tree": "vp-tree"
      }
    },
    "systems": {
      "locked": {
        "lastModified": 1681028828,
        "narHash": "sha256-Vy1rq5AaRuLzOxct8nz4T6wlgyUR7zLU309k9mBC768=",
        "owner": "nix-systems",
        "repo": "default",
        "rev": "da67096a3b9bf56a91d16901293e51ba5b49a27e",
        "type": "github"
      },
      "original": {
        "owner": "nix-systems",
        "repo": "default",
        "type": "github"
      }
    },
    "systems_2": {
      "locked": {
        "lastModified": 1681028828,
        "narHash": "sha256-Vy1rq5AaRuLzOxct8nz4T6wlgyUR7zLU309k9mBC768=",
        "owner": "nix-systems",
        "repo": "default",
        "rev": "da67096a3b9bf56a91d16901293e51ba5b49a27e",
        "type": "github"
      },
      "original": {
        "owner": "nix-systems",
        "repo": "default",
        "type": "github"
      }
    },
    "vp-tree": {
      "inputs": {
        "flake-utils": "flake-utils_5",
        "nixpkgs": [
          "nixpkgs"
        ]
      },
      "locked": {
        "lastModified": 1688749085,
        "narHash": "sha256-wIcLjWNsIp36Osn4fIPgZlR1UhREfbDBiC2Kcv0ExsU=",
        "owner": "jfeser",
        "repo": "vp-tree",
        "rev": "df03a3f8e5920f08066a059d413878fb5ea89ae0",
        "type": "github"
      },
      "original": {
        "owner": "jfeser",
        "repo": "vp-tree",
        "type": "github"
      }
    }
  },
  "root": "root",
  "version": 7
}
